
Microsoft Visual Studio Solution File, Format Version 12.00
# Visual Studio Version 16
VisualStudioVersion = 16.0.29411.108
MinimumVisualStudioVersion = 10.0.40219.1
Project("{FAE04EC0-301F-11D3-BF4B-00C04F79EFBC}") = "SD6503Assignment3", "SD6503Assignment3\SD6503Assignment3.csproj", "{1D58E91C-AF0C-474B-93D8-A849273B1DE4}"
EndProject
Global
	GlobalSection(SolutionConfigurationPlatforms) = preSolution
		Debug|Any CPU = Debug|Any CPU
		Release|Any CPU = Release|Any CPU
	EndGlobalSection
	GlobalSection(ProjectConfigurationPlatforms) = postSolution
		{1D58E91C-AF0C-474B-93D8-A849273B1DE4}.Debug|Any CPU.ActiveCfg = Debug|Any CPU
		{1D58E91C-AF0C-474B-93D8-A849273B1DE4}.Debug|Any CPU.Build.0 = Debug|Any CPU
		{1D58E91C-AF0C-474B-93D8-A849273B1DE4}.Release|Any CPU.ActiveCfg = Release|Any CPU
		{1D58E91C-AF0C-474B-93D8-A849273B1DE4}.Release|Any CPU.Build.0 = Release|Any CPU
	EndGlobalSection
	GlobalSection(SolutionProperties) = preSolution
		HideSolutionNode = FALSE
	EndGlobalSection
	GlobalSection(ExtensibilityGlobals) = postSolution
		SolutionGuid = {03D01567-3890-4E9F-87C7-15E4ADD700AC}
	EndGlobalSection
EndGlobal
